
Microsoft Visual Studio Solution File, Format Version 12.00
# Visual Studio Version 17
VisualStudioVersion = 17.5.33209.295
MinimumVisualStudioVersion = 10.0.40219.1
Project("{9A19103F-16F7-4668-BE54-9A1E7A4F7556}") = "ProvisionCase.Entities", "ProvisionCase.Entities\ProvisionCase.Entities.csproj", "{0591D8CC-76D9-40EC-A023-AFCB071D7A19}"
EndProject
Project("{9A19103F-16F7-4668-BE54-9A1E7A4F7556}") = "ProvisionCase.DAL", "ProvisionCase.DAL\ProvisionCase.DAL.csproj", "{76092148-7A43-4E87-BECB-55D0CA043532}"
EndProject
Project("{9A19103F-16F7-4668-BE54-9A1E7A4F7556}") = "ProvisionCase.BL", "ProvisionCase.BL\ProvisionCase.BL.csproj", "{52E07C5D-056A-4665-95C7-EEDA0D84E72B}"
EndProject
Project("{9A19103F-16F7-4668-BE54-9A1E7A4F7556}") = "ProvisionCase.API", "ProvisionCase.API\ProvisionCase.API.csproj", "{04499CBE-EFF2-4F8E-9058-D04A34ED773B}"
EndProject
Project("{FAE04EC0-301F-11D3-BF4B-00C04F79EFBC}") = "ProvisionCase.MVC", "ProvisionCase.MVC\ProvisionCase.MVC.csproj", "{C30DC4D8-6C35-493C-98D0-E36256DEE278}"
EndProject
Global
	GlobalSection(SolutionConfigurationPlatforms) = preSolution
		Debug|Any CPU = Debug|Any CPU
		Release|Any CPU = Release|Any CPU
	EndGlobalSection
	GlobalSection(ProjectConfigurationPlatforms) = postSolution
		{0591D8CC-76D9-40EC-A023-AFCB071D7A19}.Debug|Any CPU.ActiveCfg = Debug|Any CPU
		{0591D8CC-76D9-40EC-A023-AFCB071D7A19}.Debug|Any CPU.Build.0 = Debug|Any CPU
		{0591D8CC-76D9-40EC-A023-AFCB071D7A19}.Release|Any CPU.ActiveCfg = Release|Any CPU
		{0591D8CC-76D9-40EC-A023-AFCB071D7A19}.Release|Any CPU.Build.0 = Release|Any CPU
		{76092148-7A43-4E87-BECB-55D0CA043532}.Debug|Any CPU.ActiveCfg = Debug|Any CPU
		{76092148-7A43-4E87-BECB-55D0CA043532}.Debug|Any CPU.Build.0 = Debug|Any CPU
		{76092148-7A43-4E87-BECB-55D0CA043532}.Release|Any CPU.ActiveCfg = Release|Any CPU
		{76092148-7A43-4E87-BECB-55D0CA043532}.Release|Any CPU.Build.0 = Release|Any CPU
		{52E07C5D-056A-4665-95C7-EEDA0D84E72B}.Debug|Any CPU.ActiveCfg = Debug|Any CPU
		{52E07C5D-056A-4665-95C7-EEDA0D84E72B}.Debug|Any CPU.Build.0 = Debug|Any CPU
		{52E07C5D-056A-4665-95C7-EEDA0D84E72B}.Release|Any CPU.ActiveCfg = Release|Any CPU
		{52E07C5D-056A-4665-95C7-EEDA0D84E72B}.Release|Any CPU.Build.0 = Release|Any CPU
		{04499CBE-EFF2-4F8E-9058-D04A34ED773B}.Debug|Any CPU.ActiveCfg = Debug|Any CPU
		{04499CBE-EFF2-4F8E-9058-D04A34ED773B}.Debug|Any CPU.Build.0 = Debug|Any CPU
		{04499CBE-EFF2-4F8E-9058-D04A34ED773B}.Release|Any CPU.ActiveCfg = Release|Any CPU
		{04499CBE-EFF2-4F8E-9058-D04A34ED773B}.Release|Any CPU.Build.0 = Release|Any CPU
		{C30DC4D8-6C35-493C-98D0-E36256DEE278}.Debug|Any CPU.ActiveCfg = Debug|Any CPU
		{C30DC4D8-6C35-493C-98D0-E36256DEE278}.Debug|Any CPU.Build.0 = Debug|Any CPU
		{C30DC4D8-6C35-493C-98D0-E36256DEE278}.Release|Any CPU.ActiveCfg = Release|Any CPU
		{C30DC4D8-6C35-493C-98D0-E36256DEE278}.Release|Any CPU.Build.0 = Release|Any CPU
	EndGlobalSection
	GlobalSection(SolutionProperties) = preSolution
		HideSolutionNode = FALSE
	EndGlobalSection
	GlobalSection(ExtensibilityGlobals) = postSolution
		SolutionGuid = {0AD0EE8A-7FCA-4A9B-B7C6-D990A5E39BFD}
	EndGlobalSection
EndGlobal
